// !$*UTF8*$!
{
	archiveVersion = 1;
	classes = {
	};
	objectVersion = 50;
	objects = {

/* Begin PBXBuildFile section */
		FBD79F3520C871150006B3B9 /* AppDelegate.swift in Sources */ = {isa = PBXBuildFile; fileRef = FBD79F3420C871150006B3B9 /* AppDelegate.swift */; };
		FBD79F3720C871150006B3B9 /* ViewController.swift in Sources */ = {isa = PBXBuildFile; fileRef = FBD79F3620C871150006B3B9 /* ViewController.swift */; };
		FBD79F3A20C871150006B3B9 /* Main.storyboard in Resources */ = {isa = PBXBuildFile; fileRef = FBD79F3820C871150006B3B9 /* Main.storyboard */; };
		FBD79F3C20C871160006B3B9 /* Assets.xcassets in Resources */ = {isa = PBXBuildFile; fileRef = FBD79F3B20C871160006B3B9 /* Assets.xcassets */; };
		FBD79F3F20C871160006B3B9 /* LaunchScreen.storyboard in Resources */ = {isa = PBXBuildFile; fileRef = FBD79F3D20C871160006B3B9 /* LaunchScreen.storyboard */; };
		FBD79F4A20C871160006B3B9 /* GroceryListSiriTests.swift in Sources */ = {isa = PBXBuildFile; fileRef = FBD79F4920C871160006B3B9 /* GroceryListSiriTests.swift */; };
		FBD79F5520C871160006B3B9 /* GroceryListSiriUITests.swift in Sources */ = {isa = PBXBuildFile; fileRef = FBD79F5420C871160006B3B9 /* GroceryListSiriUITests.swift */; };
		FBD79F6320C87A7E0006B3B9 /* GroceriesLists.plist in Resources */ = {isa = PBXBuildFile; fileRef = FBD79F6220C87A7E0006B3B9 /* GroceriesLists.plist */; };
		FBD79F6520C87CA80006B3B9 /* ListTableViewController.swift in Sources */ = {isa = PBXBuildFile; fileRef = FBD79F6420C87CA80006B3B9 /* ListTableViewController.swift */; };
		FBD79F6720C880690006B3B9 /* ListsTableViewCell.swift in Sources */ = {isa = PBXBuildFile; fileRef = FBD79F6620C880690006B3B9 /* ListsTableViewCell.swift */; };
		FBD79F6920C89B630006B3B9 /* ItemTableViewCell.swift in Sources */ = {isa = PBXBuildFile; fileRef = FBD79F6820C89B630006B3B9 /* ItemTableViewCell.swift */; };
		FBD79F6B20C89CCB0006B3B9 /* ItemTableViewController.swift in Sources */ = {isa = PBXBuildFile; fileRef = FBD79F6A20C89CCB0006B3B9 /* ItemTableViewController.swift */; };
/* End PBXBuildFile section */

/* Begin PBXContainerItemProxy section */
		FBD79F4620C871160006B3B9 /* PBXContainerItemProxy */ = {
			isa = PBXContainerItemProxy;
			containerPortal = FBD79F2920C871150006B3B9 /* Project object */;
			proxyType = 1;
			remoteGlobalIDString = FBD79F3020C871150006B3B9;
			remoteInfo = GroceryListSiri;
		};
		FBD79F5120C871160006B3B9 /* PBXContainerItemProxy */ = {
			isa = PBXContainerItemProxy;
			containerPortal = FBD79F2920C871150006B3B9 /* Project object */;
			proxyType = 1;
			remoteGlobalIDString = FBD79F3020C871150006B3B9;
			remoteInfo = GroceryListSiri;
		};
/* End PBXContainerItemProxy section */

/* Begin PBXFileReference section */
		FBD79F3120C871150006B3B9 /* GroceryListSiri.app */ = {isa = PBXFileReference; explicitFileType = wrapper.application; includeInIndex = 0; path = GroceryListSiri.app; sourceTree = BUILT_PRODUCTS_DIR; };
		FBD79F3420C871150006B3B9 /* AppDelegate.swift */ = {isa = PBXFileReference; lastKnownFileType = sourcecode.swift; path = AppDelegate.swift; sourceTree = "<group>"; };
		FBD79F3620C871150006B3B9 /* ViewController.swift */ = {isa = PBXFileReference; lastKnownFileType = sourcecode.swift; path = ViewController.swift; sourceTree = "<group>"; };
		FBD79F3920C871150006B3B9 /* Base */ = {isa = PBXFileReference; lastKnownFileType = file.storyboard; name = Base; path = Base.lproj/Main.storyboard; sourceTree = "<group>"; };
		FBD79F3B20C871160006B3B9 /* Assets.xcassets */ = {isa = PBXFileReference; lastKnownFileType = folder.assetcatalog; path = Assets.xcassets; sourceTree = "<group>"; };
		FBD79F3E20C871160006B3B9 /* Base */ = {isa = PBXFileReference; lastKnownFileType = file.storyboard; name = Base; path = Base.lproj/LaunchScreen.storyboard; sourceTree = "<group>"; };
		FBD79F4020C871160006B3B9 /* Info.plist */ = {isa = PBXFileReference; lastKnownFileType = text.plist.xml; path = Info.plist; sourceTree = "<group>"; };
		FBD79F4520C871160006B3B9 /* GroceryListSiriTests.xctest */ = {isa = PBXFileReference; explicitFileType = wrapper.cfbundle; includeInIndex = 0; path = GroceryListSiriTests.xctest; sourceTree = BUILT_PRODUCTS_DIR; };
		FBD79F4920C871160006B3B9 /* GroceryListSiriTests.swift */ = {isa = PBXFileReference; lastKnownFileType = sourcecode.swift; path = GroceryListSiriTests.swift; sourceTree = "<group>"; };
		FBD79F4B20C871160006B3B9 /* Info.plist */ = {isa = PBXFileReference; lastKnownFileType = text.plist.xml; path = Info.plist; sourceTree = "<group>"; };
		FBD79F5020C871160006B3B9 /* GroceryListSiriUITests.xctest */ = {isa = PBXFileReference; explicitFileType = wrapper.cfbundle; includeInIndex = 0; path = GroceryListSiriUITests.xctest; sourceTree = BUILT_PRODUCTS_DIR; };
		FBD79F5420C871160006B3B9 /* GroceryListSiriUITests.swift */ = {isa = PBXFileReference; lastKnownFileType = sourcecode.swift; path = GroceryListSiriUITests.swift; sourceTree = "<group>"; };
		FBD79F5620C871160006B3B9 /* Info.plist */ = {isa = PBXFileReference; lastKnownFileType = text.plist.xml; path = Info.plist; sourceTree = "<group>"; };
		FBD79F6220C87A7E0006B3B9 /* GroceriesLists.plist */ = {isa = PBXFileReference; lastKnownFileType = text.plist.xml; path = GroceriesLists.plist; sourceTree = "<group>"; };
		FBD79F6420C87CA80006B3B9 /* ListTableViewController.swift */ = {isa = PBXFileReference; lastKnownFileType = sourcecode.swift; path = ListTableViewController.swift; sourceTree = "<group>"; };
		FBD79F6620C880690006B3B9 /* ListsTableViewCell.swift */ = {isa = PBXFileReference; lastKnownFileType = sourcecode.swift; path = ListsTableViewCell.swift; sourceTree = "<group>"; };
		FBD79F6820C89B630006B3B9 /* ItemTableViewCell.swift */ = {isa = PBXFileReference; lastKnownFileType = sourcecode.swift; path = ItemTableViewCell.swift; sourceTree = "<group>"; };
		FBD79F6A20C89CCB0006B3B9 /* ItemTableViewController.swift */ = {isa = PBXFileReference; lastKnownFileType = sourcecode.swift; path = ItemTableViewController.swift; sourceTree = "<group>"; };
/* End PBXFileReference section */

/* Begin PBXFrameworksBuildPhase section */
		FBD79F2E20C871150006B3B9 /* Frameworks */ = {
			isa = PBXFrameworksBuildPhase;
			buildActionMask = 2147483647;
			files = (
			);
			runOnlyForDeploymentPostprocessing = 0;
		};
		FBD79F4220C871160006B3B9 /* Frameworks */ = {
			isa = PBXFrameworksBuildPhase;
			buildActionMask = 2147483647;
			files = (
			);
			runOnlyForDeploymentPostprocessing = 0;
		};
		FBD79F4D20C871160006B3B9 /* Frameworks */ = {
			isa = PBXFrameworksBuildPhase;
			buildActionMask = 2147483647;
			files = (
			);
			runOnlyForDeploymentPostprocessing = 0;
		};
/* End PBXFrameworksBuildPhase section */

/* Begin PBXGroup section */
		FBD79F2820C871150006B3B9 = {
			isa = PBXGroup;
			children = (
				FBD79F3320C871150006B3B9 /* GroceryListSiri */,
				FBD79F4820C871160006B3B9 /* GroceryListSiriTests */,
				FBD79F5320C871160006B3B9 /* GroceryListSiriUITests */,
				FBD79F3220C871150006B3B9 /* Products */,
			);
			sourceTree = "<group>";
		};
		FBD79F3220C871150006B3B9 /* Products */ = {
			isa = PBXGroup;
			children = (
				FBD79F3120C871150006B3B9 /* GroceryListSiri.app */,
				FBD79F4520C871160006B3B9 /* GroceryListSiriTests.xctest */,
				FBD79F5020C871160006B3B9 /* GroceryListSiriUITests.xctest */,
			);
			name = Products;
			sourceTree = "<group>";
		};
		FBD79F3320C871150006B3B9 /* GroceryListSiri */ = {
			isa = PBXGroup;
			children = (
				FBD79F3420C871150006B3B9 /* AppDelegate.swift */,
				FBD79F3620C871150006B3B9 /* ViewController.swift */,
				FBD79F3820C871150006B3B9 /* Main.storyboard */,
				FBD79F3B20C871160006B3B9 /* Assets.xcassets */,
				FBD79F3D20C871160006B3B9 /* LaunchScreen.storyboard */,
				FBD79F4020C871160006B3B9 /* Info.plist */,
				FBD79F6220C87A7E0006B3B9 /* GroceriesLists.plist */,
				FBD79F6420C87CA80006B3B9 /* ListTableViewController.swift */,
				FBD79F6620C880690006B3B9 /* ListsTableViewCell.swift */,
				FBD79F6820C89B630006B3B9 /* ItemTableViewCell.swift */,
				FBD79F6A20C89CCB0006B3B9 /* ItemTableViewController.swift */,
			);
			path = GroceryListSiri;
			sourceTree = "<group>";
		};
		FBD79F4820C871160006B3B9 /* GroceryListSiriTests */ = {
			isa = PBXGroup;
			children = (
				FBD79F4920C871160006B3B9 /* GroceryListSiriTests.swift */,
				FBD79F4B20C871160006B3B9 /* Info.plist */,
			);
			path = GroceryListSiriTests;
			sourceTree = "<group>";
		};
		FBD79F5320C871160006B3B9 /* GroceryListSiriUITests */ = {
			isa = PBXGroup;
			children = (
				FBD79F5420C871160006B3B9 /* GroceryListSiriUITests.swift */,
				FBD79F5620C871160006B3B9 /* Info.plist */,
			);
			path = GroceryListSiriUITests;
			sourceTree = "<group>";
		};
/* End PBXGroup section */

/* Begin PBXNativeTarget section */
		FBD79F3020C871150006B3B9 /* GroceryListSiri */ = {
			isa = PBXNativeTarget;
			buildConfigurationList = FBD79F5920C871160006B3B9 /* Build configuration list for PBXNativeTarget "GroceryListSiri" */;
			buildPhases = (
				FBD79F2D20C871150006B3B9 /* Sources */,
				FBD79F2E20C871150006B3B9 /* Frameworks */,
				FBD79F2F20C871150006B3B9 /* Resources */,
			);
			buildRules = (
			);
			dependencies = (
			);
			name = GroceryListSiri;
			productName = GroceryListSiri;
			productReference = FBD79F3120C871150006B3B9 /* GroceryListSiri.app */;
			productType = "com.apple.product-type.application";
		};
		FBD79F4420C871160006B3B9 /* GroceryListSiriTests */ = {
			isa = PBXNativeTarget;
			buildConfigurationList = FBD79F5C20C871160006B3B9 /* Build configuration list for PBXNativeTarget "GroceryListSiriTests" */;
			buildPhases = (
				FBD79F4120C871160006B3B9 /* Sources */,
				FBD79F4220C871160006B3B9 /* Frameworks */,
				FBD79F4320C871160006B3B9 /* Resources */,
			);
			buildRules = (
			);
			dependencies = (
				FBD79F4720C871160006B3B9 /* PBXTargetDependency */,
			);
			name = GroceryListSiriTests;
			productName = GroceryListSiriTests;
			productReference = FBD79F4520C871160006B3B9 /* GroceryListSiriTests.xctest */;
			productType = "com.apple.product-type.bundle.unit-test";
		};
		FBD79F4F20C871160006B3B9 /* GroceryListSiriUITests */ = {
			isa = PBXNativeTarget;
			buildConfigurationList = FBD79F5F20C871160006B3B9 /* Build configuration list for PBXNativeTarget "GroceryListSiriUITests" */;
			buildPhases = (
				FBD79F4C20C871160006B3B9 /* Sources */,
				FBD79F4D20C871160006B3B9 /* Frameworks */,
				FBD79F4E20C871160006B3B9 /* Resources */,
			);
			buildRules = (
			);
			dependencies = (
				FBD79F5220C871160006B3B9 /* PBXTargetDependency */,
			);
			name = GroceryListSiriUITests;
			productName = GroceryListSiriUITests;
			productReference = FBD79F5020C871160006B3B9 /* GroceryListSiriUITests.xctest */;
			productType = "com.apple.product-type.bundle.ui-testing";
		};
/* End PBXNativeTarget section */

/* Begin PBXProject section */
		FBD79F2920C871150006B3B9 /* Project object */ = {
			isa = PBXProject;
			attributes = {
				LastSwiftUpdateCheck = 0940;
				LastUpgradeCheck = 0940;
				ORGANIZATIONNAME = Alumno;
				TargetAttributes = {
					FBD79F3020C871150006B3B9 = {
						CreatedOnToolsVersion = 9.4;
					};
					FBD79F4420C871160006B3B9 = {
						CreatedOnToolsVersion = 9.4;
						TestTargetID = FBD79F3020C871150006B3B9;
					};
					FBD79F4F20C871160006B3B9 = {
						CreatedOnToolsVersion = 9.4;
						TestTargetID = FBD79F3020C871150006B3B9;
					};
				};
			};
			buildConfigurationList = FBD79F2C20C871150006B3B9 /* Build configuration list for PBXProject "GroceryListSiri" */;
			compatibilityVersion = "Xcode 9.3";
			developmentRegion = en;
			hasScannedForEncodings = 0;
			knownRegions = (
				en,
				Base,
			);
			mainGroup = FBD79F2820C871150006B3B9;
			productRefGroup = FBD79F3220C871150006B3B9 /* Products */;
			projectDirPath = "";
			projectRoot = "";
			targets = (
				FBD79F3020C871150006B3B9 /* GroceryListSiri */,
				FBD79F4420C871160006B3B9 /* GroceryListSiriTests */,
				FBD79F4F20C871160006B3B9 /* GroceryListSiriUITests */,
			);
		};
/* End PBXProject section */

/* Begin PBXResourcesBuildPhase section */
		FBD79F2F20C871150006B3B9 /* Resources */ = {
			isa = PBXResourcesBuildPhase;
			buildActionMask = 2147483647;
			files = (
				FBD79F6320C87A7E0006B3B9 /* GroceriesLists.plist in Resources */,
				FBD79F3F20C871160006B3B9 /* LaunchScreen.storyboard in Resources */,
				FBD79F3C20C871160006B3B9 /* Assets.xcassets in Resources */,
				FBD79F3A20C871150006B3B9 /* Main.storyboard in Resources */,
			);
			runOnlyForDeploymentPostprocessing = 0;
		};
		FBD79F4320C871160006B3B9 /* Resources */ = {
			isa = PBXResourcesBuildPhase;
			buildActionMask = 2147483647;
			files = (
			);
			runOnlyForDeploymentPostprocessing = 0;
		};
		FBD79F4E20C871160006B3B9 /* Resources */ = {
			isa = PBXResourcesBuildPhase;
			buildActionMask = 2147483647;
			files = (
			);
			runOnlyForDeploymentPostprocessing = 0;
		};
/* End PBXResourcesBuildPhase section */

/* Begin PBXSourcesBuildPhase section */
		FBD79F2D20C871150006B3B9 /* Sources */ = {
			isa = PBXSourcesBuildPhase;
			buildActionMask = 2147483647;
			files = (
				FBD79F6520C87CA80006B3B9 /* ListTableViewController.swift in Sources */,
				FBD79F6720C880690006B3B9 /* ListsTableViewCell.swift in Sources */,
				FBD79F6920C89B630006B3B9 /* ItemTableViewCell.swift in Sources */,
				FBD79F3720C871150006B3B9 /* ViewController.swift in Sources */,
				FBD79F6B20C89CCB0006B3B9 /* ItemTableViewController.swift in Sources */,
				FBD79F3520C871150006B3B9 /* AppDelegate.swift in Sources */,
			);
			runOnlyForDeploymentPostprocessing = 0;
		};
		FBD79F4120C871160006B3B9 /* Sources */ = {
			isa = PBXSourcesBuildPhase;
			buildActionMask = 2147483647;
			files = (
				FBD79F4A20C871160006B3B9 /* GroceryListSiriTests.swift in Sources */,
			);
			runOnlyForDeploymentPostprocessing = 0;
		};
		FBD79F4C20C871160006B3B9 /* Sources */ = {
			isa = PBXSourcesBuildPhase;
			buildActionMask = 2147483647;
			files = (
				FBD79F5520C871160006B3B9 /* GroceryListSiriUITests.swift in Sources */,
			);
			runOnlyForDeploymentPostprocessing = 0;
		};
/* End PBXSourcesBuildPhase section */

/* Begin PBXTargetDependency section */
		FBD79F4720C871160006B3B9 /* PBXTargetDependency */ = {
			isa = PBXTargetDependency;
			target = FBD79F3020C871150006B3B9 /* GroceryListSiri */;
			targetProxy = FBD79F4620C871160006B3B9 /* PBXContainerItemProxy */;
		};
		FBD79F5220C871160006B3B9 /* PBXTargetDependency */ = {
			isa = PBXTargetDependency;
			target = FBD79F3020C871150006B3B9 /* GroceryListSiri */;
			targetProxy = FBD79F5120C871160006B3B9 /* PBXContainerItemProxy */;
		};
/* End PBXTargetDependency section */

/* Begin PBXVariantGroup section */
		FBD79F3820C871150006B3B9 /* Main.storyboard */ = {
			isa = PBXVariantGroup;
			children = (
				FBD79F3920C871150006B3B9 /* Base */,
			);
			name = Main.storyboard;
			sourceTree = "<group>";
		};
		FBD79F3D20C871160006B3B9 /* LaunchScreen.storyboard */ = {
			isa = PBXVariantGroup;
			children = (
				FBD79F3E20C871160006B3B9 /* Base */,
			);
			name = LaunchScreen.storyboard;
			sourceTree = "<group>";
		};
/* End PBXVariantGroup section */

/* Begin XCBuildConfiguration section */
		FBD79F5720C871160006B3B9 /* Debug */ = {
			isa = XCBuildConfiguration;
			buildSettings = {
				ALWAYS_SEARCH_USER_PATHS = NO;
				CLANG_ANALYZER_NONNULL = YES;
				CLANG_ANALYZER_NUMBER_OBJECT_CONVERSION = YES_AGGRESSIVE;
				CLANG_CXX_LANGUAGE_STANDARD = "gnu++14";
				CLANG_CXX_LIBRARY = "libc++";
				CLANG_ENABLE_MODULES = YES;
				CLANG_ENABLE_OBJC_ARC = YES;
				CLANG_ENABLE_OBJC_WEAK = YES;
				CLANG_WARN_BLOCK_CAPTURE_AUTORELEASING = YES;
				CLANG_WARN_BOOL_CONVERSION = YES;
				CLANG_WARN_COMMA = YES;
				CLANG_WARN_CONSTANT_CONVERSION = YES;
				CLANG_WARN_DEPRECATED_OBJC_IMPLEMENTATIONS = YES;
				CLANG_WARN_DIRECT_OBJC_ISA_USAGE = YES_ERROR;
				CLANG_WARN_DOCUMENTATION_COMMENTS = YES;
				CLANG_WARN_EMPTY_BODY = YES;
				CLANG_WARN_ENUM_CONVERSION = YES;
				CLANG_WARN_INFINITE_RECURSION = YES;
				CLANG_WARN_INT_CONVERSION = YES;
				CLANG_WARN_NON_LITERAL_NULL_CONVERSION = YES;
				CLANG_WARN_OBJC_IMPLICIT_RETAIN_SELF = YES;
				CLANG_WARN_OBJC_LITERAL_CONVERSION = YES;
				CLANG_WARN_OBJC_ROOT_CLASS = YES_ERROR;
				CLANG_WARN_RANGE_LOOP_ANALYSIS = YES;
				CLANG_WARN_STRICT_PROTOTYPES = YES;
				CLANG_WARN_SUSPICIOUS_MOVE = YES;
				CLANG_WARN_UNGUARDED_AVAILABILITY = YES_AGGRESSIVE;
				CLANG_WARN_UNREACHABLE_CODE = YES;
				CLANG_WARN__DUPLICATE_METHOD_MATCH = YES;
				CODE_SIGN_IDENTITY = "iPhone Developer";
				COPY_PHASE_STRIP = NO;
				DEBUG_INFORMATION_FORMAT = dwarf;
				ENABLE_STRICT_OBJC_MSGSEND = YES;
				ENABLE_TESTABILITY = YES;
				GCC_C_LANGUAGE_STANDARD = gnu11;
				GCC_DYNAMIC_NO_PIC = NO;
				GCC_NO_COMMON_BLOCKS = YES;
				GCC_OPTIMIZATION_LEVEL = 0;
				GCC_PREPROCESSOR_DEFINITIONS = (
					"DEBUG=1",
					"$(inherited)",
				);
				GCC_WARN_64_TO_32_BIT_CONVERSION = YES;
				GCC_WARN_ABOUT_RETURN_TYPE = YES_ERROR;
				GCC_WARN_UNDECLARED_SELECTOR = YES;
				GCC_WARN_UNINITIALIZED_AUTOS = YES_AGGRESSIVE;
				GCC_WARN_UNUSED_FUNCTION = YES;
				GCC_WARN_UNUSED_VARIABLE = YES;
				IPHONEOS_DEPLOYMENT_TARGET = 11.4;
				MTL_ENABLE_DEBUG_INFO = YES;
				ONLY_ACTIVE_ARCH = YES;
				SDKROOT = iphoneos;
				SWIFT_ACTIVE_COMPILATION_CONDITIONS = DEBUG;
				SWIFT_OPTIMIZATION_LEVEL = "-Onone";
			};
			name = Debug;
		};
		FBD79F5820C871160006B3B9 /* Release */ = {
			isa = XCBuildConfiguration;
			buildSettings = {
				ALWAYS_SEARCH_USER_PATHS = NO;
				CLANG_ANALYZER_NONNULL = YES;
				CLANG_ANALYZER_NUMBER_OBJECT_CONVERSION = YES_AGGRESSIVE;
				CLANG_CXX_LANGUAGE_STANDARD = "gnu++14";
				CLANG_CXX_LIBRARY = "libc++";
				CLANG_ENABLE_MODULES = YES;
				CLANG_ENABLE_OBJC_ARC = YES;
				CLANG_ENABLE_OBJC_WEAK = YES;
				CLANG_WARN_BLOCK_CAPTURE_AUTORELEASING = YES;
				CLANG_WARN_BOOL_CONVERSION = YES;
				CLANG_WARN_COMMA = YES;
				CLANG_WARN_CONSTANT_CONVERSION = YES;
				CLANG_WARN_DEPRECATED_OBJC_IMPLEMENTATIONS = YES;
				CLANG_WARN_DIRECT_OBJC_ISA_USAGE = YES_ERROR;
				CLANG_WARN_DOCUMENTATION_COMMENTS = YES;
				CLANG_WARN_EMPTY_BODY = YES;
				CLANG_WARN_ENUM_CONVERSION = YES;
				CLANG_WARN_INFINITE_RECURSION = YES;
				CLANG_WARN_INT_CONVERSION = YES;
				CLANG_WARN_NON_LITERAL_NULL_CONVERSION = YES;
				CLANG_WARN_OBJC_IMPLICIT_RETAIN_SELF = YES;
				CLANG_WARN_OBJC_LITERAL_CONVERSION = YES;
				CLANG_WARN_OBJC_ROOT_CLASS = YES_ERROR;
				CLANG_WARN_RANGE_LOOP_ANALYSIS = YES;
				CLANG_WARN_STRICT_PROTOTYPES = YES;
				CLANG_WARN_SUSPICIOUS_MOVE = YES;
				CLANG_WARN_UNGUARDED_AVAILABILITY = YES_AGGRESSIVE;
				CLANG_WARN_UNREACHABLE_CODE = YES;
				CLANG_WARN__DUPLICATE_METHOD_MATCH = YES;
				CODE_SIGN_IDENTITY = "iPhone Developer";
				COPY_PHASE_STRIP = NO;
				DEBUG_INFORMATION_FORMAT = "dwarf-with-dsym";
				ENABLE_NS_ASSERTIONS = NO;
				ENABLE_STRICT_OBJC_MSGSEND = YES;
				GCC_C_LANGUAGE_STANDARD = gnu11;
				GCC_NO_COMMON_BLOCKS = YES;
				GCC_WARN_64_TO_32_BIT_CONVERSION = YES;
				GCC_WARN_ABOUT_RETURN_TYPE = YES_ERROR;
				GCC_WARN_UNDECLARED_SELECTOR = YES;
				GCC_WARN_UNINITIALIZED_AUTOS = YES_AGGRESSIVE;
				GCC_WARN_UNUSED_FUNCTION = YES;
				GCC_WARN_UNUSED_VARIABLE = YES;
				IPHONEOS_DEPLOYMENT_TARGET = 11.4;
				MTL_ENABLE_DEBUG_INFO = NO;
				SDKROOT = iphoneos;
				SWIFT_COMPILATION_MODE = wholemodule;
				SWIFT_OPTIMIZATION_LEVEL = "-O";
				VALIDATE_PRODUCT = YES;
			};
			name = Release;
		};
		FBD79F5A20C871160006B3B9 /* Debug */ = {
			isa = XCBuildConfiguration;
			buildSettings = {
				ASSETCATALOG_COMPILER_APPICON_NAME = AppIcon;
				CODE_SIGN_STYLE = Automatic;
				DEVELOPMENT_TEAM = S43QRZH5C6;
				INFOPLIST_FILE = GroceryListSiri/Info.plist;
				LD_RUNPATH_SEARCH_PATHS = (
					"$(inherited)",
					"@executable_path/Frameworks",
				);
				PRODUCT_BUNDLE_IDENTIFIER = a.GroceryListSiri;
				PRODUCT_NAME = "$(TARGET_NAME)";
				SWIFT_VERSION = 4.0;
				TARGETED_DEVICE_FAMILY = "1,2";
			};
			name = Debug;
		};
		FBD79F5B20C871160006B3B9 /* Release */ = {
			isa = XCBuildConfiguration;
			buildSettings = {
				ASSETCATALOG_COMPILER_APPICON_NAME = AppIcon;
				CODE_SIGN_STYLE = Automatic;
				DEVELOPMENT_TEAM = S43QRZH5C6;
				INFOPLIST_FILE = GroceryListSiri/Info.plist;
				LD_RUNPATH_SEARCH_PATHS = (
					"$(inherited)",
					"@executable_path/Frameworks",
				);
				PRODUCT_BUNDLE_IDENTIFIER = a.GroceryListSiri;
				PRODUCT_NAME = "$(TARGET_NAME)";
				SWIFT_VERSION = 4.0;
				TARGETED_DEVICE_FAMILY = "1,2";
			};
			name = Release;
		};
		FBD79F5D20C871160006B3B9 /* Debug */ = {
			isa = XCBuildConfiguration;
			buildSettings = {
				ALWAYS_EMBED_SWIFT_STANDARD_LIBRARIES = YES;
				BUNDLE_LOADER = "$(TEST_HOST)";
				CODE_SIGN_STYLE = Automatic;
				DEVELOPMENT_TEAM = S43QRZH5C6;
				INFOPLIST_FILE = GroceryListSiriTests/Info.plist;
				LD_RUNPATH_SEARCH_PATHS = (
					"$(inherited)",
					"@executable_path/Frameworks",
					"@loader_path/Frameworks",
				);
				PRODUCT_BUNDLE_IDENTIFIER = a.GroceryListSiriTests;
				PRODUCT_NAME = "$(TARGET_NAME)";
				SWIFT_VERSION = 4.0;
				TARGETED_DEVICE_FAMILY = "1,2";
				TEST_HOST = "$(BUILT_PRODUCTS_DIR)/GroceryListSiri.app/GroceryListSiri";
			};
			name = Debug;
		};
		FBD79F5E20C871160006B3B9 /* Release */ = {
			isa = XCBuildConfiguration;
			buildSettings = {
				ALWAYS_EMBED_SWIFT_STANDARD_LIBRARIES = YES;
				BUNDLE_LOADER = "$(TEST_HOST)";
				CODE_SIGN_STYLE = Automatic;
				DEVELOPMENT_TEAM = S43QRZH5C6;
				INFOPLIST_FILE = GroceryListSiriTests/Info.plist;
				LD_RUNPATH_SEARCH_PATHS = (
					"$(inherited)",
					"@executable_path/Frameworks",
					"@loader_path/Frameworks",
				);
				PRODUCT_BUNDLE_IDENTIFIER = a.GroceryListSiriTests;
				PRODUCT_NAME = "$(TARGET_NAME)";
				SWIFT_VERSION = 4.0;
				TARGETED_DEVICE_FAMILY = "1,2";
				TEST_HOST = "$(BUILT_PRODUCTS_DIR)/GroceryListSiri.app/GroceryListSiri";
			};
			name = Release;
		};
		FBD79F6020C871160006B3B9 /* Debug */ = {
			isa = XCBuildConfiguration;
			buildSettings = {
				ALWAYS_EMBED_SWIFT_STANDARD_LIBRARIES = YES;
				CODE_SIGN_STYLE = Automatic;
				DEVELOPMENT_TEAM = S43QRZH5C6;
				INFOPLIST_FILE = GroceryListSiriUITests/Info.plist;
				LD_RUNPATH_SEARCH_PATHS = (
					"$(inherited)",
					"@executable_path/Frameworks",
					"@loader_path/Frameworks",
				);
				PRODUCT_BUNDLE_IDENTIFIER = a.GroceryListSiriUITests;
				PRODUCT_NAME = "$(TARGET_NAME)";
				SWIFT_VERSION = 4.0;
				TARGETED_DEVICE_FAMILY = "1,2";
				TEST_TARGET_NAME = GroceryListSiri;
			};
			name = Debug;
		};
		FBD79F6120C871160006B3B9 /* Release */ = {
			isa = XCBuildConfiguration;
			buildSettings = {
				ALWAYS_EMBED_SWIFT_STANDARD_LIBRARIES = YES;
				CODE_SIGN_STYLE = Automatic;
				DEVELOPMENT_TEAM = S43QRZH5C6;
				INFOPLIST_FILE = GroceryListSiriUITests/Info.plist;
				LD_RUNPATH_SEARCH_PATHS = (
					"$(inherited)",
					"@executable_path/Frameworks",
					"@loader_path/Frameworks",
				);
				PRODUCT_BUNDLE_IDENTIFIER = a.GroceryListSiriUITests;
				PRODUCT_NAME = "$(TARGET_NAME)";
				SWIFT_VERSION = 4.0;
				TARGETED_DEVICE_FAMILY = "1,2";
				TEST_TARGET_NAME = GroceryListSiri;
			};
			name = Release;
		};
/* End XCBuildConfiguration section */

/* Begin XCConfigurationList section */
		FBD79F2C20C871150006B3B9 /* Build configuration list for PBXProject "GroceryListSiri" */ = {
			isa = XCConfigurationList;
			buildConfigurations = (
				FBD79F5720C871160006B3B9 /* Debug */,
				FBD79F5820C871160006B3B9 /* Release */,
			);
			defaultConfigurationIsVisible = 0;
			defaultConfigurationName = Release;
		};
		FBD79F5920C871160006B3B9 /* Build configuration list for PBXNativeTarget "GroceryListSiri" */ = {
			isa = XCConfigurationList;
			buildConfigurations = (
				FBD79F5A20C871160006B3B9 /* Debug */,
				FBD79F5B20C871160006B3B9 /* Release */,
			);
			defaultConfigurationIsVisible = 0;
			defaultConfigurationName = Release;
		};
		FBD79F5C20C871160006B3B9 /* Build configuration list for PBXNativeTarget "GroceryListSiriTests" */ = {
			isa = XCConfigurationList;
			buildConfigurations = (
				FBD79F5D20C871160006B3B9 /* Debug */,
				FBD79F5E20C871160006B3B9 /* Release */,
			);
			defaultConfigurationIsVisible = 0;
			defaultConfigurationName = Release;
		};
		FBD79F5F20C871160006B3B9 /* Build configuration list for PBXNativeTarget "GroceryListSiriUITests" */ = {
			isa = XCConfigurationList;
			buildConfigurations = (
				FBD79F6020C871160006B3B9 /* Debug */,
				FBD79F6120C871160006B3B9 /* Release */,
			);
			defaultConfigurationIsVisible = 0;
			defaultConfigurationName = Release;
		};
/* End XCConfigurationList section */
	};
	rootObject = FBD79F2920C871150006B3B9 /* Project object */;
}
